hash: a466148e61dbcbf3f16b1b2184e870a2829f92c8ec345302470c3305ada999cb
updated: 2018-05-10T23:33:22.846295+08:00
imports:
- name: github.com/cupcake/rdb
  version: 43ba34106c765f2111c0dc7b74cdf8ee437411e0
  subpackages:
  - crc64
  - nopdecoder
- name: github.com/edsrzf/mmap-go
  version: 0bce6a6887123b67a60366d2c9fe2dfb74289d2e
- name: github.com/golang/snappy
  version: 553a641470496b2327abcac10b36396bd98e45c9
- name: github.com/pelletier/go-toml
  version: 66540cf1fcd2c3aee6f6787dfa32a6ae9a870f12
- name: github.com/siddontang/go
  version: cb568a3e5cc06256f91a2da5a87455f717eb33f4
  subpackages:
  - filelock
  - hack
  - ioutil2
  - log
  - num
  - snappy
  - sync2
- name: github.com/siddontang/ledisdb
  version: 56900470a899883f691bcdf6bea4ac547f2a9a6f
  subpackages:
  - config
  - ledis
  - rpl
  - store
  - store/driver
  - store/goleveldb
  - store/leveldb
  - store/rocksdb
- name: github.com/siddontang/ledisdb.git
  version: 56900470a899883f691bcdf6bea4ac547f2a9a6f
  subpackages:
  - config
  - ledis
  - store/rocksdb
- name: github.com/siddontang/rdb
  version: fc89ed2e418d27e3ea76e708e54276d2b44ae9cf
- name: github.com/syndtr/goleveldb
  version: ae970a0732be3a1f5311da86118d37b9f4bd2a5a
  subpackages:
  - leveldb
  - leveldb/cache
  - leveldb/comparer
  - leveldb/errors
  - leveldb/filter
  - leveldb/iterator
  - leveldb/journal
  - leveldb/memdb
  - leveldb/opt
  - leveldb/storage
  - leveldb/table
  - leveldb/util
- name: github.com/v2pro/plz
  version: 10fc95fad3224a032229e59f6e7023137d82b526
  subpackages:
  - concurrent
  - countlog
  - countlog/output
  - countlog/output/compact
  - countlog/output/hrf
  - countlog/output/lumberjack
  - countlog/spi
  - countlog/stats
  - gls
  - msgfmt
  - msgfmt/jsonfmt
  - reflect2
- name: github.com/v2pro/plz.git
  version: 10fc95fad3224a032229e59f6e7023137d82b526
  subpackages:
  - countlog
  - countlog/output
  - countlog/output/compact
  - countlog/output/lumberjack
- name: go.uber.org/zap
  version: eeedf312bc6c57391d84767a4cd413f02a917974
  subpackages:
  - buffer
  - internal/bufferpool
  - internal/color
  - internal/exit
  - zapcore
- name: golang.org/x/net
  version: f73e4c9ed3b7ebdd5f699a16a880c2b1994e50dd
  subpackages:
  - context
- name: gopkg.in/yaml.v2
  version: 5420a8b6744d3b0345ab293f6fcba19c978f1183
testImports:
- name: github.com/davecgh/go-spew
  version: 8991bc29aa16c548c550c7ff78260e27b9ab7c73
  subpackages:
  - spew
- name: github.com/pmezard/go-difflib
  version: 792786c7400a136282c1664665ae0a8db921c6c2
  subpackages:
  - difflib
- name: github.com/stretchr/testify
  version: c679ae2cc0cb27ec3293fea7e254e47386f05d69
  subpackages:
  - assert
- name: go.uber.org/atomic
  version: 1ea20fb1cbb1cc08cbd0d913a96dead89aa18289
- name: go.uber.org/multierr
  version: 3c4937480c32f4c13a875a1829af76c98ca3d40a
